
Microsoft Visual Studio Solution File, Format Version 12.00
# Visual Studio 15
VisualStudioVersion = 15.0.28307.539
MinimumVisualStudioVersion = 10.0.40219.1
Project("{FAE04EC0-301F-11D3-BF4B-00C04F79EFBC}") = "tiktactoe", "tiktactoe\tiktactoe.csproj", "{624BD5E1-C81B-4626-8CF7-099295269F05}"
EndProject
Global
	GlobalSection(SolutionConfigurationPlatforms) = preSolution
		Debug|Any CPU = Debug|Any CPU
		Release|Any CPU = Release|Any CPU
	EndGlobalSection
	GlobalSection(ProjectConfigurationPlatforms) = postSolution
		{624BD5E1-C81B-4626-8CF7-099295269F05}.Debug|Any CPU.ActiveCfg = Debug|Any CPU
		{624BD5E1-C81B-4626-8CF7-099295269F05}.Debug|Any CPU.Build.0 = Debug|Any CPU
		{624BD5E1-C81B-4626-8CF7-099295269F05}.Release|Any CPU.ActiveCfg = Release|Any CPU
		{624BD5E1-C81B-4626-8CF7-099295269F05}.Release|Any CPU.Build.0 = Release|Any CPU
	EndGlobalSection
	GlobalSection(SolutionProperties) = preSolution
		HideSolutionNode = FALSE
	EndGlobalSection
	GlobalSection(ExtensibilityGlobals) = postSolution
		SolutionGuid = {C22ECAD6-1382-47C7-94F6-1745E900F343}
	EndGlobalSection
EndGlobal
